
Microsoft Visual Studio Solution File, Format Version 12.00
# Visual Studio 14
VisualStudioVersion = 14.0.25123.0
MinimumVisualStudioVersion = 10.0.40219.1
Project("{8BC9CEB8-8B4A-11D0-8D11-00A0C91BC942}") = "1-HelloAIE", "1-HelloAIE\1-HelloAIE.vcxproj", "{B734AF8A-EB54-48DF-8C17-F841556723C8}"
EndProject
Project("{8BC9CEB8-8B4A-11D0-8D11-00A0C91BC942}") = "2-Variables", "2-Variables\2-Variables.vcxproj", "{17292A82-AFA1-436A-88EC-9046EE5BD42B}"
EndProject
Project("{8BC9CEB8-8B4A-11D0-8D11-00A0C91BC942}") = "3-Conditionals", "3-Conditionals\3-Conditionals.vcxproj", "{C94374E6-AD52-411F-A769-3A1A795CC4D4}"
EndProject
Project("{8BC9CEB8-8B4A-11D0-8D11-00A0C91BC942}") = "4-Functions", "4-Functions\4-Functions.vcxproj", "{4F4CD7C5-7580-4819-91BC-BC0CCC93C7F9}"
EndProject
Project("{8BC9CEB8-8B4A-11D0-8D11-00A0C91BC942}") = "5-Multi-FileProjects", "5-Multi-FileProjects\5-Multi-FileProjects.vcxproj", "{BFBB4EB3-4347-43B8-809A-852689063CD0}"
EndProject
Project("{8BC9CEB8-8B4A-11D0-8D11-00A0C91BC942}") = "6-Loops", "6-Loops\6-Loops.vcxproj", "{58EE4127-D408-49A7-905B-E20F990FA66E}"
EndProject
Project("{8BC9CEB8-8B4A-11D0-8D11-00A0C91BC942}") = "7-Arrays", "7-Arrays\7-Arrays.vcxproj", "{DA7C06B7-20CB-49DC-97B8-A3530ED04D9E}"
EndProject
Project("{8BC9CEB8-8B4A-11D0-8D11-00A0C91BC942}") = "8-Structs", "8-Structs\8-Structs.vcxproj", "{56660051-50D1-4E81-B04C-91BDF8D9C624}"
EndProject
Global
	GlobalSection(SolutionConfigurationPlatforms) = preSolution
		Debug|x64 = Debug|x64
		Debug|x86 = Debug|x86
		Release|x64 = Release|x64
		Release|x86 = Release|x86
	EndGlobalSection
	GlobalSection(ProjectConfigurationPlatforms) = postSolution
		{B734AF8A-EB54-48DF-8C17-F841556723C8}.Debug|x64.ActiveCfg = Debug|x64
		{B734AF8A-EB54-48DF-8C17-F841556723C8}.Debug|x64.Build.0 = Debug|x64
		{B734AF8A-EB54-48DF-8C17-F841556723C8}.Debug|x86.ActiveCfg = Debug|Win32
		{B734AF8A-EB54-48DF-8C17-F841556723C8}.Debug|x86.Build.0 = Debug|Win32
		{B734AF8A-EB54-48DF-8C17-F841556723C8}.Release|x64.ActiveCfg = Release|x64
		{B734AF8A-EB54-48DF-8C17-F841556723C8}.Release|x64.Build.0 = Release|x64
		{B734AF8A-EB54-48DF-8C17-F841556723C8}.Release|x86.ActiveCfg = Release|Win32
		{B734AF8A-EB54-48DF-8C17-F841556723C8}.Release|x86.Build.0 = Release|Win32
		{17292A82-AFA1-436A-88EC-9046EE5BD42B}.Debug|x64.ActiveCfg = Debug|x64
		{17292A82-AFA1-436A-88EC-9046EE5BD42B}.Debug|x64.Build.0 = Debug|x64
		{17292A82-AFA1-436A-88EC-9046EE5BD42B}.Debug|x86.ActiveCfg = Debug|Win32
		{17292A82-AFA1-436A-88EC-9046EE5BD42B}.Debug|x86.Build.0 = Debug|Win32
		{17292A82-AFA1-436A-88EC-9046EE5BD42B}.Release|x64.ActiveCfg = Release|x64
		{17292A82-AFA1-436A-88EC-9046EE5BD42B}.Release|x64.Build.0 = Release|x64
		{17292A82-AFA1-436A-88EC-9046EE5BD42B}.Release|x86.ActiveCfg = Release|Win32
		{17292A82-AFA1-436A-88EC-9046EE5BD42B}.Release|x86.Build.0 = Release|Win32
		{C94374E6-AD52-411F-A769-3A1A795CC4D4}.Debug|x64.ActiveCfg = Debug|x64
		{C94374E6-AD52-411F-A769-3A1A795CC4D4}.Debug|x64.Build.0 = Debug|x64
		{C94374E6-AD52-411F-A769-3A1A795CC4D4}.Debug|x86.ActiveCfg = Debug|Win32
		{C94374E6-AD52-411F-A769-3A1A795CC4D4}.Debug|x86.Build.0 = Debug|Win32
		{C94374E6-AD52-411F-A769-3A1A795CC4D4}.Release|x64.ActiveCfg = Release|x64
		{C94374E6-AD52-411F-A769-3A1A795CC4D4}.Release|x64.Build.0 = Release|x64
		{C94374E6-AD52-411F-A769-3A1A795CC4D4}.Release|x86.ActiveCfg = Release|Win32
		{C94374E6-AD52-411F-A769-3A1A795CC4D4}.Release|x86.Build.0 = Release|Win32
		{4F4CD7C5-7580-4819-91BC-BC0CCC93C7F9}.Debug|x64.ActiveCfg = Debug|x64
		{4F4CD7C5-7580-4819-91BC-BC0CCC93C7F9}.Debug|x64.Build.0 = Debug|x64
		{4F4CD7C5-7580-4819-91BC-BC0CCC93C7F9}.Debug|x86.ActiveCfg = Debug|Win32
		{4F4CD7C5-7580-4819-91BC-BC0CCC93C7F9}.Debug|x86.Build.0 = Debug|Win32
		{4F4CD7C5-7580-4819-91BC-BC0CCC93C7F9}.Release|x64.ActiveCfg = Release|x64
		{4F4CD7C5-7580-4819-91BC-BC0CCC93C7F9}.Release|x64.Build.0 = Release|x64
		{4F4CD7C5-7580-4819-91BC-BC0CCC93C7F9}.Release|x86.ActiveCfg = Release|Win32
		{4F4CD7C5-7580-4819-91BC-BC0CCC93C7F9}.Release|x86.Build.0 = Release|Win32
		{BFBB4EB3-4347-43B8-809A-852689063CD0}.Debug|x64.ActiveCfg = Debug|x64
		{BFBB4EB3-4347-43B8-809A-852689063CD0}.Debug|x64.Build.0 = Debug|x64
		{BFBB4EB3-4347-43B8-809A-852689063CD0}.Debug|x86.ActiveCfg = Debug|Win32
		{BFBB4EB3-4347-43B8-809A-852689063CD0}.Debug|x86.Build.0 = Debug|Win32
		{BFBB4EB3-4347-43B8-809A-852689063CD0}.Release|x64.ActiveCfg = Release|x64
		{BFBB4EB3-4347-43B8-809A-852689063CD0}.Release|x64.Build.0 = Release|x64
		{BFBB4EB3-4347-43B8-809A-852689063CD0}.Release|x86.ActiveCfg = Release|Win32
		{BFBB4EB3-4347-43B8-809A-852689063CD0}.Release|x86.Build.0 = Release|Win32
		{58EE4127-D408-49A7-905B-E20F990FA66E}.Debug|x64.ActiveCfg = Debug|x64
		{58EE4127-D408-49A7-905B-E20F990FA66E}.Debug|x64.Build.0 = Debug|x64
		{58EE4127-D408-49A7-905B-E20F990FA66E}.Debug|x86.ActiveCfg = Debug|Win32
		{58EE4127-D408-49A7-905B-E20F990FA66E}.Debug|x86.Build.0 = Debug|Win32
		{58EE4127-D408-49A7-905B-E20F990FA66E}.Release|x64.ActiveCfg = Release|x64
		{58EE4127-D408-49A7-905B-E20F990FA66E}.Release|x64.Build.0 = Release|x64
		{58EE4127-D408-49A7-905B-E20F990FA66E}.Release|x86.ActiveCfg = Release|Win32
		{58EE4127-D408-49A7-905B-E20F990FA66E}.Release|x86.Build.0 = Release|Win32
		{DA7C06B7-20CB-49DC-97B8-A3530ED04D9E}.Debug|x64.ActiveCfg = Debug|x64
		{DA7C06B7-20CB-49DC-97B8-A3530ED04D9E}.Debug|x64.Build.0 = Debug|x64
		{DA7C06B7-20CB-49DC-97B8-A3530ED04D9E}.Debug|x86.ActiveCfg = Debug|Win32
		{DA7C06B7-20CB-49DC-97B8-A3530ED04D9E}.Debug|x86.Build.0 = Debug|Win32
		{DA7C06B7-20CB-49DC-97B8-A3530ED04D9E}.Release|x64.ActiveCfg = Release|x64
		{DA7C06B7-20CB-49DC-97B8-A3530ED04D9E}.Release|x64.Build.0 = Release|x64
		{DA7C06B7-20CB-49DC-97B8-A3530ED04D9E}.Release|x86.ActiveCfg = Release|Win32
		{DA7C06B7-20CB-49DC-97B8-A3530ED04D9E}.Release|x86.Build.0 = Release|Win32
		{56660051-50D1-4E81-B04C-91BDF8D9C624}.Debug|x64.ActiveCfg = Debug|x64
		{56660051-50D1-4E81-B04C-91BDF8D9C624}.Debug|x64.Build.0 = Debug|x64
		{56660051-50D1-4E81-B04C-91BDF8D9C624}.Debug|x86.ActiveCfg = Debug|Win32
		{56660051-50D1-4E81-B04C-91BDF8D9C624}.Debug|x86.Build.0 = Debug|Win32
		{56660051-50D1-4E81-B04C-91BDF8D9C624}.Release|x64.ActiveCfg = Release|x64
		{56660051-50D1-4E81-B04C-91BDF8D9C624}.Release|x64.Build.0 = Release|x64
		{56660051-50D1-4E81-B04C-91BDF8D9C624}.Release|x86.ActiveCfg = Release|Win32
		{56660051-50D1-4E81-B04C-91BDF8D9C624}.Release|x86.Build.0 = Release|Win32
	EndGlobalSection
	GlobalSection(SolutionProperties) = preSolution
		HideSolutionNode = FALSE
	EndGlobalSection
EndGlobal
