
Microsoft Visual Studio Solution File, Format Version 12.00
# Visual Studio 14
VisualStudioVersion = 14.0.25123.0
MinimumVisualStudioVersion = 10.0.40219.1
Project("{8BC9CEB8-8B4A-11D0-8D11-00A0C91BC942}") = "1-HelloAIE", "1-HelloAIE\1-HelloAIE.vcxproj", "{B734AF8A-EB54-48DF-8C17-F841556723C8}"
EndProject
Project("{8BC9CEB8-8B4A-11D0-8D11-00A0C91BC942}") = "2-Variables", "2-Variables\2-Variables.vcxproj", "{17292A82-AFA1-436A-88EC-9046EE5BD42B}"
EndProject
Project("{8BC9CEB8-8B4A-11D0-8D11-00A0C91BC942}") = "3-Conditionals", "3-Conditionals\3-Conditionals.vcxproj", "{C94374E6-AD52-411F-A769-3A1A795CC4D4}"
EndProject
Global
	GlobalSection(SolutionConfigurationPlatforms) = preSolution
		Debug|x64 = Debug|x64
		Debug|x86 = Debug|x86
		Release|x64 = Release|x64
		Release|x86 = Release|x86
	EndGlobalSection
	GlobalSection(ProjectConfigurationPlatforms) = postSolution
		{B734AF8A-EB54-48DF-8C17-F841556723C8}.Debug|x64.ActiveCfg = Debug|x64
		{B734AF8A-EB54-48DF-8C17-F841556723C8}.Debug|x64.Build.0 = Debug|x64
		{B734AF8A-EB54-48DF-8C17-F841556723C8}.Debug|x86.ActiveCfg = Debug|Win32
		{B734AF8A-EB54-48DF-8C17-F841556723C8}.Debug|x86.Build.0 = Debug|Win32
		{B734AF8A-EB54-48DF-8C17-F841556723C8}.Release|x64.ActiveCfg = Release|x64
		{B734AF8A-EB54-48DF-8C17-F841556723C8}.Release|x64.Build.0 = Release|x64
		{B734AF8A-EB54-48DF-8C17-F841556723C8}.Release|x86.ActiveCfg = Release|Win32
		{B734AF8A-EB54-48DF-8C17-F841556723C8}.Release|x86.Build.0 = Release|Win32
		{17292A82-AFA1-436A-88EC-9046EE5BD42B}.Debug|x64.ActiveCfg = Debug|x64
		{17292A82-AFA1-436A-88EC-9046EE5BD42B}.Debug|x64.Build.0 = Debug|x64
		{17292A82-AFA1-436A-88EC-9046EE5BD42B}.Debug|x86.ActiveCfg = Debug|Win32
		{17292A82-AFA1-436A-88EC-9046EE5BD42B}.Debug|x86.Build.0 = Debug|Win32
		{17292A82-AFA1-436A-88EC-9046EE5BD42B}.Release|x64.ActiveCfg = Release|x64
		{17292A82-AFA1-436A-88EC-9046EE5BD42B}.Release|x64.Build.0 = Release|x64
		{17292A82-AFA1-436A-88EC-9046EE5BD42B}.Release|x86.ActiveCfg = Release|Win32
		{17292A82-AFA1-436A-88EC-9046EE5BD42B}.Release|x86.Build.0 = Release|Win32
		{C94374E6-AD52-411F-A769-3A1A795CC4D4}.Debug|x64.ActiveCfg = Debug|x64
		{C94374E6-AD52-411F-A769-3A1A795CC4D4}.Debug|x64.Build.0 = Debug|x64
		{C94374E6-AD52-411F-A769-3A1A795CC4D4}.Debug|x86.ActiveCfg = Debug|Win32
		{C94374E6-AD52-411F-A769-3A1A795CC4D4}.Debug|x86.Build.0 = Debug|Win32
		{C94374E6-AD52-411F-A769-3A1A795CC4D4}.Release|x64.ActiveCfg = Release|x64
		{C94374E6-AD52-411F-A769-3A1A795CC4D4}.Release|x64.Build.0 = Release|x64
		{C94374E6-AD52-411F-A769-3A1A795CC4D4}.Release|x86.ActiveCfg = Release|Win32
		{C94374E6-AD52-411F-A769-3A1A795CC4D4}.Release|x86.Build.0 = Release|Win32
	EndGlobalSection
	GlobalSection(SolutionProperties) = preSolution
		HideSolutionNode = FALSE
	EndGlobalSection
EndGlobal
